
Microsoft Visual Studio Solution File, Format Version 11.00
# Visual Studio 2010
Project("{FAE04EC0-301F-11D3-BF4B-00C04F79EFBC}") = "Assembly-CSharp-Editor", "Assembly-CSharp-Editor.csproj", "{a05c3bac-3e59-65b3-54b0-f7ad09fb5112}"
EndProject
Project("{FAE04EC0-301F-11D3-BF4B-00C04F79EFBC}") = "Assembly-CSharp", "Assembly-CSharp.csproj", "{03ca7fc8-46b0-d384-05ac-14a1021df719}"
EndProject
Global
	GlobalSection(SolutionConfigurationPlatforms) = preSolution
		Debug|Any CPU = Debug|Any CPU
	EndGlobalSection
	GlobalSection(ProjectConfigurationPlatforms) = postSolution
		{a05c3bac-3e59-65b3-54b0-f7ad09fb5112}.Debug|Any CPU.ActiveCfg = Debug|Any CPU
		{a05c3bac-3e59-65b3-54b0-f7ad09fb5112}.Debug|Any CPU.Build.0 = Debug|Any CPU
		{03ca7fc8-46b0-d384-05ac-14a1021df719}.Debug|Any CPU.ActiveCfg = Debug|Any CPU
		{03ca7fc8-46b0-d384-05ac-14a1021df719}.Debug|Any CPU.Build.0 = Debug|Any CPU
	EndGlobalSection
	GlobalSection(SolutionProperties) = preSolution
		HideSolutionNode = FALSE
	EndGlobalSection
EndGlobal
